
Microsoft Visual Studio Solution File, Format Version 12.00
# Visual Studio Version 17
VisualStudioVersion = 17.12.35527.113 d17.12
MinimumVisualStudioVersion = 10.0.40219.1
Project("{FAE04EC0-301F-11D3-BF4B-00C04F79EFBC}") = "01. USD to BGN", "01. USD to BGN\01. USD to BGN.csproj", "{13D4BADB-A7A6-4F9F-913D-CAD0229BFAFA}"
EndProject
Project("{FAE04EC0-301F-11D3-BF4B-00C04F79EFBC}") = "02. Radians to Degrees", "02. Radians to Degrees\02. Radians to Degrees.csproj", "{C1C85784-C7F4-4EA9-981B-F83708F3C5E4}"
EndProject
Project("{FAE04EC0-301F-11D3-BF4B-00C04F79EFBC}") = "03. Deposit Calculator", "03. Deposit Calculator\03. Deposit Calculator.csproj", "{2E68816A-D477-49D5-AE67-2B7E60DF7158}"
EndProject
Project("{FAE04EC0-301F-11D3-BF4B-00C04F79EFBC}") = "04. Vacation Books List", "04. Vacation Books List\04. Vacation Books List.csproj", "{EB79FFED-5EF1-4B34-8B3B-83753A6DE3C8}"
EndProject
Project("{FAE04EC0-301F-11D3-BF4B-00C04F79EFBC}") = "05. Supplies for School", "05. Supplies for School\05. Supplies for School.csproj", "{5D6D62D5-7BE4-4F32-BC4A-788788FDD321}"
EndProject
Global
	GlobalSection(SolutionConfigurationPlatforms) = preSolution
		Debug|Any CPU = Debug|Any CPU
		Release|Any CPU = Release|Any CPU
	EndGlobalSection
	GlobalSection(ProjectConfigurationPlatforms) = postSolution
		{13D4BADB-A7A6-4F9F-913D-CAD0229BFAFA}.Debug|Any CPU.ActiveCfg = Debug|Any CPU
		{13D4BADB-A7A6-4F9F-913D-CAD0229BFAFA}.Debug|Any CPU.Build.0 = Debug|Any CPU
		{13D4BADB-A7A6-4F9F-913D-CAD0229BFAFA}.Release|Any CPU.ActiveCfg = Release|Any CPU
		{13D4BADB-A7A6-4F9F-913D-CAD0229BFAFA}.Release|Any CPU.Build.0 = Release|Any CPU
		{C1C85784-C7F4-4EA9-981B-F83708F3C5E4}.Debug|Any CPU.ActiveCfg = Debug|Any CPU
		{C1C85784-C7F4-4EA9-981B-F83708F3C5E4}.Debug|Any CPU.Build.0 = Debug|Any CPU
		{C1C85784-C7F4-4EA9-981B-F83708F3C5E4}.Release|Any CPU.ActiveCfg = Release|Any CPU
		{C1C85784-C7F4-4EA9-981B-F83708F3C5E4}.Release|Any CPU.Build.0 = Release|Any CPU
		{2E68816A-D477-49D5-AE67-2B7E60DF7158}.Debug|Any CPU.ActiveCfg = Debug|Any CPU
		{2E68816A-D477-49D5-AE67-2B7E60DF7158}.Debug|Any CPU.Build.0 = Debug|Any CPU
		{2E68816A-D477-49D5-AE67-2B7E60DF7158}.Release|Any CPU.ActiveCfg = Release|Any CPU
		{2E68816A-D477-49D5-AE67-2B7E60DF7158}.Release|Any CPU.Build.0 = Release|Any CPU
		{EB79FFED-5EF1-4B34-8B3B-83753A6DE3C8}.Debug|Any CPU.ActiveCfg = Debug|Any CPU
		{EB79FFED-5EF1-4B34-8B3B-83753A6DE3C8}.Debug|Any CPU.Build.0 = Debug|Any CPU
		{EB79FFED-5EF1-4B34-8B3B-83753A6DE3C8}.Release|Any CPU.ActiveCfg = Release|Any CPU
		{EB79FFED-5EF1-4B34-8B3B-83753A6DE3C8}.Release|Any CPU.Build.0 = Release|Any CPU
		{5D6D62D5-7BE4-4F32-BC4A-788788FDD321}.Debug|Any CPU.ActiveCfg = Debug|Any CPU
		{5D6D62D5-7BE4-4F32-BC4A-788788FDD321}.Debug|Any CPU.Build.0 = Debug|Any CPU
		{5D6D62D5-7BE4-4F32-BC4A-788788FDD321}.Release|Any CPU.ActiveCfg = Release|Any CPU
		{5D6D62D5-7BE4-4F32-BC4A-788788FDD321}.Release|Any CPU.Build.0 = Release|Any CPU
	EndGlobalSection
	GlobalSection(SolutionProperties) = preSolution
		HideSolutionNode = FALSE
	EndGlobalSection
EndGlobal
